// !$*UTF8*$!
{
	archiveVersion = 1;
	classes = {
	};
	objectVersion = 55;
	objects = {

/* Begin PBXBuildFile section */
		C9A2901C28B75D900033ACD3 /* AppDelegate.swift in Sources */ = {isa = PBXBuildFile; fileRef = C9A2901B28B75D900033ACD3 /* AppDelegate.swift */; };
		C9A2901E28B75D900033ACD3 /* SceneDelegate.swift in Sources */ = {isa = PBXBuildFile; fileRef = C9A2901D28B75D900033ACD3 /* SceneDelegate.swift */; };
		C9A2902528B75D910033ACD3 /* Assets.xcassets in Resources */ = {isa = PBXBuildFile; fileRef = C9A2902428B75D910033ACD3 /* Assets.xcassets */; };
		C9A2902828B75D910033ACD3 /* LaunchScreen.storyboard in Resources */ = {isa = PBXBuildFile; fileRef = C9A2902628B75D910033ACD3 /* LaunchScreen.storyboard */; };
		C9A2903128B75EAB0033ACD3 /* xmlParser.swift in Sources */ = {isa = PBXBuildFile; fileRef = C9A2903028B75EAB0033ACD3 /* xmlParser.swift */; };
		C9A2903628B75F030033ACD3 /* Model.swift in Sources */ = {isa = PBXBuildFile; fileRef = C9A2903528B75F030033ACD3 /* Model.swift */; };
		C9A2903828B7C83D0033ACD3 /* CalculatorScreenViewController.swift in Sources */ = {isa = PBXBuildFile; fileRef = C9A2903728B7C83D0033ACD3 /* CalculatorScreenViewController.swift */; };
		C9A2903A28B7CBF10033ACD3 /* CurrencySelectionScreenViewController.swift in Sources */ = {isa = PBXBuildFile; fileRef = C9A2903928B7CBF10033ACD3 /* CurrencySelectionScreenViewController.swift */; };
		C9A2903C28B7CEF10033ACD3 /* CurrencySelectionScreenTableViewCell.swift in Sources */ = {isa = PBXBuildFile; fileRef = C9A2903B28B7CEF10033ACD3 /* CurrencySelectionScreenTableViewCell.swift */; };
		C9A2903E28B7F9DB0033ACD3 /* CurrencyTextField.swift in Sources */ = {isa = PBXBuildFile; fileRef = C9A2903D28B7F9DB0033ACD3 /* CurrencyTextField.swift */; };
		C9AB0D2628B8988600DC8FCB /* StartLoadingScreenViewController.swift in Sources */ = {isa = PBXBuildFile; fileRef = C9AB0D2528B8988600DC8FCB /* StartLoadingScreenViewController.swift */; };
		C9AB0D2928B8A07B00DC8FCB /* UIStackView.swift in Sources */ = {isa = PBXBuildFile; fileRef = C9AB0D2828B8A07B00DC8FCB /* UIStackView.swift */; };
/* End PBXBuildFile section */

/* Begin PBXFileReference section */
		C9A2901828B75D900033ACD3 /* SWAppTest.app */ = {isa = PBXFileReference; explicitFileType = wrapper.application; includeInIndex = 0; path = SWAppTest.app; sourceTree = BUILT_PRODUCTS_DIR; };
		C9A2901B28B75D900033ACD3 /* AppDelegate.swift */ = {isa = PBXFileReference; lastKnownFileType = sourcecode.swift; path = AppDelegate.swift; sourceTree = "<group>"; };
		C9A2901D28B75D900033ACD3 /* SceneDelegate.swift */ = {isa = PBXFileReference; lastKnownFileType = sourcecode.swift; path = SceneDelegate.swift; sourceTree = "<group>"; };
		C9A2902428B75D910033ACD3 /* Assets.xcassets */ = {isa = PBXFileReference; lastKnownFileType = folder.assetcatalog; path = Assets.xcassets; sourceTree = "<group>"; };
		C9A2902728B75D910033ACD3 /* Base */ = {isa = PBXFileReference; lastKnownFileType = file.storyboard; name = Base; path = Base.lproj/LaunchScreen.storyboard; sourceTree = "<group>"; };
		C9A2902928B75D910033ACD3 /* Info.plist */ = {isa = PBXFileReference; lastKnownFileType = text.plist.xml; path = Info.plist; sourceTree = "<group>"; };
		C9A2903028B75EAB0033ACD3 /* xmlParser.swift */ = {isa = PBXFileReference; lastKnownFileType = sourcecode.swift; path = xmlParser.swift; sourceTree = "<group>"; };
		C9A2903528B75F030033ACD3 /* Model.swift */ = {isa = PBXFileReference; lastKnownFileType = sourcecode.swift; path = Model.swift; sourceTree = "<group>"; };
		C9A2903728B7C83D0033ACD3 /* CalculatorScreenViewController.swift */ = {isa = PBXFileReference; lastKnownFileType = sourcecode.swift; path = CalculatorScreenViewController.swift; sourceTree = "<group>"; };
		C9A2903928B7CBF10033ACD3 /* CurrencySelectionScreenViewController.swift */ = {isa = PBXFileReference; lastKnownFileType = sourcecode.swift; path = CurrencySelectionScreenViewController.swift; sourceTree = "<group>"; };
		C9A2903B28B7CEF10033ACD3 /* CurrencySelectionScreenTableViewCell.swift */ = {isa = PBXFileReference; lastKnownFileType = sourcecode.swift; path = CurrencySelectionScreenTableViewCell.swift; sourceTree = "<group>"; };
		C9A2903D28B7F9DB0033ACD3 /* CurrencyTextField.swift */ = {isa = PBXFileReference; lastKnownFileType = sourcecode.swift; path = CurrencyTextField.swift; sourceTree = "<group>"; };
		C9AB0D2528B8988600DC8FCB /* StartLoadingScreenViewController.swift */ = {isa = PBXFileReference; lastKnownFileType = sourcecode.swift; path = StartLoadingScreenViewController.swift; sourceTree = "<group>"; };
		C9AB0D2828B8A07B00DC8FCB /* UIStackView.swift */ = {isa = PBXFileReference; lastKnownFileType = sourcecode.swift; path = UIStackView.swift; sourceTree = "<group>"; };
/* End PBXFileReference section */

/* Begin PBXFrameworksBuildPhase section */
		C9A2901528B75D900033ACD3 /* Frameworks */ = {
			isa = PBXFrameworksBuildPhase;
			buildActionMask = 2147483647;
			files = (
			);
			runOnlyForDeploymentPostprocessing = 0;
		};
/* End PBXFrameworksBuildPhase section */

/* Begin PBXGroup section */
		C9A2900F28B75D900033ACD3 = {
			isa = PBXGroup;
			children = (
				C9A2901A28B75D900033ACD3 /* SWAppTest */,
				C9A2901928B75D900033ACD3 /* Products */,
			);
			sourceTree = "<group>";
		};
		C9A2901928B75D900033ACD3 /* Products */ = {
			isa = PBXGroup;
			children = (
				C9A2901828B75D900033ACD3 /* SWAppTest.app */,
			);
			name = Products;
			sourceTree = "<group>";
		};
		C9A2901A28B75D900033ACD3 /* SWAppTest */ = {
			isa = PBXGroup;
			children = (
				C9A2901B28B75D900033ACD3 /* AppDelegate.swift */,
				C9A2901D28B75D900033ACD3 /* SceneDelegate.swift */,
				C9A2902F28B75E880033ACD3 /* NetworkService */,
				C9A2903228B75EC40033ACD3 /* Model */,
				C9A2903328B75EDF0033ACD3 /* View */,
				C9A2903428B75EE90033ACD3 /* Controller */,
				C9AB0D2728B8A05B00DC8FCB /* Extension */,
				C9A2902428B75D910033ACD3 /* Assets.xcassets */,
				C9A2902628B75D910033ACD3 /* LaunchScreen.storyboard */,
				C9A2902928B75D910033ACD3 /* Info.plist */,
			);
			path = SWAppTest;
			sourceTree = "<group>";
		};
		C9A2902F28B75E880033ACD3 /* NetworkService */ = {
			isa = PBXGroup;
			children = (
				C9A2903028B75EAB0033ACD3 /* xmlParser.swift */,
			);
			path = NetworkService;
			sourceTree = "<group>";
		};
		C9A2903228B75EC40033ACD3 /* Model */ = {
			isa = PBXGroup;
			children = (
				C9A2903528B75F030033ACD3 /* Model.swift */,
			);
			path = Model;
			sourceTree = "<group>";
		};
		C9A2903328B75EDF0033ACD3 /* View */ = {
			isa = PBXGroup;
			children = (
				C9A2903B28B7CEF10033ACD3 /* CurrencySelectionScreenTableViewCell.swift */,
				C9A2903D28B7F9DB0033ACD3 /* CurrencyTextField.swift */,
			);
			path = View;
			sourceTree = "<group>";
		};
		C9A2903428B75EE90033ACD3 /* Controller */ = {
			isa = PBXGroup;
			children = (
				C9AB0D2528B8988600DC8FCB /* StartLoadingScreenViewController.swift */,
				C9A2903728B7C83D0033ACD3 /* CalculatorScreenViewController.swift */,
				C9A2903928B7CBF10033ACD3 /* CurrencySelectionScreenViewController.swift */,
			);
			path = Controller;
			sourceTree = "<group>";
		};
		C9AB0D2728B8A05B00DC8FCB /* Extension */ = {
			isa = PBXGroup;
			children = (
				C9AB0D2828B8A07B00DC8FCB /* UIStackView.swift */,
			);
			path = Extension;
			sourceTree = "<group>";
		};
/* End PBXGroup section */

/* Begin PBXNativeTarget section */
		C9A2901728B75D900033ACD3 /* SWAppTest */ = {
			isa = PBXNativeTarget;
			buildConfigurationList = C9A2902C28B75D910033ACD3 /* Build configuration list for PBXNativeTarget "SWAppTest" */;
			buildPhases = (
				C9A2901428B75D900033ACD3 /* Sources */,
				C9A2901528B75D900033ACD3 /* Frameworks */,
				C9A2901628B75D900033ACD3 /* Resources */,
			);
			buildRules = (
			);
			dependencies = (
			);
			name = SWAppTest;
			productName = SWAppTest;
			productReference = C9A2901828B75D900033ACD3 /* SWAppTest.app */;
			productType = "com.apple.product-type.application";
		};
/* End PBXNativeTarget section */

/* Begin PBXProject section */
		C9A2901028B75D900033ACD3 /* Project object */ = {
			isa = PBXProject;
			attributes = {
				BuildIndependentTargetsInParallel = 1;
				LastSwiftUpdateCheck = 1340;
				LastUpgradeCheck = 1340;
				TargetAttributes = {
					C9A2901728B75D900033ACD3 = {
						CreatedOnToolsVersion = 13.4.1;
					};
				};
			};
			buildConfigurationList = C9A2901328B75D900033ACD3 /* Build configuration list for PBXProject "SWAppTest" */;
			compatibilityVersion = "Xcode 13.0";
			developmentRegion = en;
			hasScannedForEncodings = 0;
			knownRegions = (
				en,
				Base,
			);
			mainGroup = C9A2900F28B75D900033ACD3;
			productRefGroup = C9A2901928B75D900033ACD3 /* Products */;
			projectDirPath = "";
			projectRoot = "";
			targets = (
				C9A2901728B75D900033ACD3 /* SWAppTest */,
			);
		};
/* End PBXProject section */

/* Begin PBXResourcesBuildPhase section */
		C9A2901628B75D900033ACD3 /* Resources */ = {
			isa = PBXResourcesBuildPhase;
			buildActionMask = 2147483647;
			files = (
				C9A2902828B75D910033ACD3 /* LaunchScreen.storyboard in Resources */,
				C9A2902528B75D910033ACD3 /* Assets.xcassets in Resources */,
			);
			runOnlyForDeploymentPostprocessing = 0;
		};
/* End PBXResourcesBuildPhase section */

/* Begin PBXSourcesBuildPhase section */
		C9A2901428B75D900033ACD3 /* Sources */ = {
			isa = PBXSourcesBuildPhase;
			buildActionMask = 2147483647;
			files = (
				C9A2901C28B75D900033ACD3 /* AppDelegate.swift in Sources */,
				C9A2903828B7C83D0033ACD3 /* CalculatorScreenViewController.swift in Sources */,
				C9AB0D2628B8988600DC8FCB /* StartLoadingScreenViewController.swift in Sources */,
				C9A2903C28B7CEF10033ACD3 /* CurrencySelectionScreenTableViewCell.swift in Sources */,
				C9A2903A28B7CBF10033ACD3 /* CurrencySelectionScreenViewController.swift in Sources */,
				C9A2901E28B75D900033ACD3 /* SceneDelegate.swift in Sources */,
				C9A2903128B75EAB0033ACD3 /* xmlParser.swift in Sources */,
				C9AB0D2928B8A07B00DC8FCB /* UIStackView.swift in Sources */,
				C9A2903E28B7F9DB0033ACD3 /* CurrencyTextField.swift in Sources */,
				C9A2903628B75F030033ACD3 /* Model.swift in Sources */,
			);
			runOnlyForDeploymentPostprocessing = 0;
		};
/* End PBXSourcesBuildPhase section */

/* Begin PBXVariantGroup section */
		C9A2902628B75D910033ACD3 /* LaunchScreen.storyboard */ = {
			isa = PBXVariantGroup;
			children = (
				C9A2902728B75D910033ACD3 /* Base */,
			);
			name = LaunchScreen.storyboard;
			sourceTree = "<group>";
		};
/* End PBXVariantGroup section */

/* Begin XCBuildConfiguration section */
		C9A2902A28B75D910033ACD3 /* Debug */ = {
			isa = XCBuildConfiguration;
			buildSettings = {
				ALWAYS_SEARCH_USER_PATHS = NO;
				CLANG_ANALYZER_NONNULL = YES;
				CLANG_ANALYZER_NUMBER_OBJECT_CONVERSION = YES_AGGRESSIVE;
				CLANG_CXX_LANGUAGE_STANDARD = "gnu++17";
				CLANG_ENABLE_MODULES = YES;
				CLANG_ENABLE_OBJC_ARC = YES;
				CLANG_ENABLE_OBJC_WEAK = YES;
				CLANG_WARN_BLOCK_CAPTURE_AUTORELEASING = YES;
				CLANG_WARN_BOOL_CONVERSION = YES;
				CLANG_WARN_COMMA = YES;
				CLANG_WARN_CONSTANT_CONVERSION = YES;
				CLANG_WARN_DEPRECATED_OBJC_IMPLEMENTATIONS = YES;
				CLANG_WARN_DIRECT_OBJC_ISA_USAGE = YES_ERROR;
				CLANG_WARN_DOCUMENTATION_COMMENTS = YES;
				CLANG_WARN_EMPTY_BODY = YES;
				CLANG_WARN_ENUM_CONVERSION = YES;
				CLANG_WARN_INFINITE_RECURSION = YES;
				CLANG_WARN_INT_CONVERSION = YES;
				CLANG_WARN_NON_LITERAL_NULL_CONVERSION = YES;
				CLANG_WARN_OBJC_IMPLICIT_RETAIN_SELF = YES;
				CLANG_WARN_OBJC_LITERAL_CONVERSION = YES;
				CLANG_WARN_OBJC_ROOT_CLASS = YES_ERROR;
				CLANG_WARN_QUOTED_INCLUDE_IN_FRAMEWORK_HEADER = YES;
				CLANG_WARN_RANGE_LOOP_ANALYSIS = YES;
				CLANG_WARN_STRICT_PROTOTYPES = YES;
				CLANG_WARN_SUSPICIOUS_MOVE = YES;
				CLANG_WARN_UNGUARDED_AVAILABILITY = YES_AGGRESSIVE;
				CLANG_WARN_UNREACHABLE_CODE = YES;
				CLANG_WARN__DUPLICATE_METHOD_MATCH = YES;
				COPY_PHASE_STRIP = NO;
				DEBUG_INFORMATION_FORMAT = dwarf;
				ENABLE_STRICT_OBJC_MSGSEND = YES;
				ENABLE_TESTABILITY = YES;
				GCC_C_LANGUAGE_STANDARD = gnu11;
				GCC_DYNAMIC_NO_PIC = NO;
				GCC_NO_COMMON_BLOCKS = YES;
				GCC_OPTIMIZATION_LEVEL = 0;
				GCC_PREPROCESSOR_DEFINITIONS = (
					"DEBUG=1",
					"$(inherited)",
				);
				GCC_WARN_64_TO_32_BIT_CONVERSION = YES;
				GCC_WARN_ABOUT_RETURN_TYPE = YES_ERROR;
				GCC_WARN_UNDECLARED_SELECTOR = YES;
				GCC_WARN_UNINITIALIZED_AUTOS = YES_AGGRESSIVE;
				GCC_WARN_UNUSED_FUNCTION = YES;
				GCC_WARN_UNUSED_VARIABLE = YES;
				IPHONEOS_DEPLOYMENT_TARGET = 15.5;
				MTL_ENABLE_DEBUG_INFO = INCLUDE_SOURCE;
				MTL_FAST_MATH = YES;
				ONLY_ACTIVE_ARCH = YES;
				SDKROOT = iphoneos;
				SWIFT_ACTIVE_COMPILATION_CONDITIONS = DEBUG;
				SWIFT_OPTIMIZATION_LEVEL = "-Onone";
			};
			name = Debug;
		};
		C9A2902B28B75D910033ACD3 /* Release */ = {
			isa = XCBuildConfiguration;
			buildSettings = {
				ALWAYS_SEARCH_USER_PATHS = NO;
				CLANG_ANALYZER_NONNULL = YES;
				CLANG_ANALYZER_NUMBER_OBJECT_CONVERSION = YES_AGGRESSIVE;
				CLANG_CXX_LANGUAGE_STANDARD = "gnu++17";
				CLANG_ENABLE_MODULES = YES;
				CLANG_ENABLE_OBJC_ARC = YES;
				CLANG_ENABLE_OBJC_WEAK = YES;
				CLANG_WARN_BLOCK_CAPTURE_AUTORELEASING = YES;
				CLANG_WARN_BOOL_CONVERSION = YES;
				CLANG_WARN_COMMA = YES;
				CLANG_WARN_CONSTANT_CONVERSION = YES;
				CLANG_WARN_DEPRECATED_OBJC_IMPLEMENTATIONS = YES;
				CLANG_WARN_DIRECT_OBJC_ISA_USAGE = YES_ERROR;
				CLANG_WARN_DOCUMENTATION_COMMENTS = YES;
				CLANG_WARN_EMPTY_BODY = YES;
				CLANG_WARN_ENUM_CONVERSION = YES;
				CLANG_WARN_INFINITE_RECURSION = YES;
				CLANG_WARN_INT_CONVERSION = YES;
				CLANG_WARN_NON_LITERAL_NULL_CONVERSION = YES;
				CLANG_WARN_OBJC_IMPLICIT_RETAIN_SELF = YES;
				CLANG_WARN_OBJC_LITERAL_CONVERSION = YES;
				CLANG_WARN_OBJC_ROOT_CLASS = YES_ERROR;
				CLANG_WARN_QUOTED_INCLUDE_IN_FRAMEWORK_HEADER = YES;
				CLANG_WARN_RANGE_LOOP_ANALYSIS = YES;
				CLANG_WARN_STRICT_PROTOTYPES = YES;
				CLANG_WARN_SUSPICIOUS_MOVE = YES;
				CLANG_WARN_UNGUARDED_AVAILABILITY = YES_AGGRESSIVE;
				CLANG_WARN_UNREACHABLE_CODE = YES;
				CLANG_WARN__DUPLICATE_METHOD_MATCH = YES;
				COPY_PHASE_STRIP = NO;
				DEBUG_INFORMATION_FORMAT = "dwarf-with-dsym";
				ENABLE_NS_ASSERTIONS = NO;
				ENABLE_STRICT_OBJC_MSGSEND = YES;
				GCC_C_LANGUAGE_STANDARD = gnu11;
				GCC_NO_COMMON_BLOCKS = YES;
				GCC_WARN_64_TO_32_BIT_CONVERSION = YES;
				GCC_WARN_ABOUT_RETURN_TYPE = YES_ERROR;
				GCC_WARN_UNDECLARED_SELECTOR = YES;
				GCC_WARN_UNINITIALIZED_AUTOS = YES_AGGRESSIVE;
				GCC_WARN_UNUSED_FUNCTION = YES;
				GCC_WARN_UNUSED_VARIABLE = YES;
				IPHONEOS_DEPLOYMENT_TARGET = 15.5;
				MTL_ENABLE_DEBUG_INFO = NO;
				MTL_FAST_MATH = YES;
				SDKROOT = iphoneos;
				SWIFT_COMPILATION_MODE = wholemodule;
				SWIFT_OPTIMIZATION_LEVEL = "-O";
				VALIDATE_PRODUCT = YES;
			};
			name = Release;
		};
		C9A2902D28B75D910033ACD3 /* Debug */ = {
			isa = XCBuildConfiguration;
			buildSettings = {
				ASSETCATALOG_COMPILER_APPICON_NAME = AppIcon;
				ASSETCATALOG_COMPILER_GLOBAL_ACCENT_COLOR_NAME = AccentColor;
				CODE_SIGN_STYLE = Automatic;
				CURRENT_PROJECT_VERSION = 1;
				DEVELOPMENT_TEAM = 3TY5U73KTT;
				GENERATE_INFOPLIST_FILE = YES;
				INFOPLIST_FILE = SWAppTest/Info.plist;
				INFOPLIST_KEY_UIApplicationSupportsIndirectInputEvents = YES;
				INFOPLIST_KEY_UILaunchStoryboardName = LaunchScreen;
				INFOPLIST_KEY_UISupportedInterfaceOrientations = UIInterfaceOrientationPortrait;
				INFOPLIST_KEY_UISupportedInterfaceOrientations_iPad = "UIInterfaceOrientationPortrait UIInterfaceOrientationPortraitUpsideDown UIInterfaceOrientationLandscapeLeft UIInterfaceOrientationLandscapeRight";
				INFOPLIST_KEY_UISupportedInterfaceOrientations_iPhone = "UIInterfaceOrientationPortrait UIInterfaceOrientationLandscapeLeft UIInterfaceOrientationLandscapeRight";
				IPHONEOS_DEPLOYMENT_TARGET = 13.0;
				LD_RUNPATH_SEARCH_PATHS = (
					"$(inherited)",
					"@executable_path/Frameworks",
				);
				MARKETING_VERSION = 1.0;
				PRODUCT_BUNDLE_IDENTIFIER = ru.Vazhen.SWAppTest;
				PRODUCT_NAME = "$(TARGET_NAME)";
				SWIFT_EMIT_LOC_STRINGS = YES;
				SWIFT_VERSION = 5.0;
				TARGETED_DEVICE_FAMILY = 1;
			};
			name = Debug;
		};
		C9A2902E28B75D910033ACD3 /* Release */ = {
			isa = XCBuildConfiguration;
			buildSettings = {
				ASSETCATALOG_COMPILER_APPICON_NAME = AppIcon;
				ASSETCATALOG_COMPILER_GLOBAL_ACCENT_COLOR_NAME = AccentColor;
				CODE_SIGN_STYLE = Automatic;
				CURRENT_PROJECT_VERSION = 1;
				DEVELOPMENT_TEAM = 3TY5U73KTT;
				GENERATE_INFOPLIST_FILE = YES;
				INFOPLIST_FILE = SWAppTest/Info.plist;
				INFOPLIST_KEY_UIApplicationSupportsIndirectInputEvents = YES;
				INFOPLIST_KEY_UILaunchStoryboardName = LaunchScreen;
				INFOPLIST_KEY_UISupportedInterfaceOrientations = UIInterfaceOrientationPortrait;
				INFOPLIST_KEY_UISupportedInterfaceOrientations_iPad = "UIInterfaceOrientationPortrait UIInterfaceOrientationPortraitUpsideDown UIInterfaceOrientationLandscapeLeft UIInterfaceOrientationLandscapeRight";
				INFOPLIST_KEY_UISupportedInterfaceOrientations_iPhone = "UIInterfaceOrientationPortrait UIInterfaceOrientationLandscapeLeft UIInterfaceOrientationLandscapeRight";
				IPHONEOS_DEPLOYMENT_TARGET = 13.0;
				LD_RUNPATH_SEARCH_PATHS = (
					"$(inherited)",
					"@executable_path/Frameworks",
				);
				MARKETING_VERSION = 1.0;
				PRODUCT_BUNDLE_IDENTIFIER = ru.Vazhen.SWAppTest;
				PRODUCT_NAME = "$(TARGET_NAME)";
				SWIFT_EMIT_LOC_STRINGS = YES;
				SWIFT_VERSION = 5.0;
				TARGETED_DEVICE_FAMILY = 1;
			};
			name = Release;
		};
/* End XCBuildConfiguration section */

/* Begin XCConfigurationList section */
		C9A2901328B75D900033ACD3 /* Build configuration list for PBXProject "SWAppTest" */ = {
			isa = XCConfigurationList;
			buildConfigurations = (
				C9A2902A28B75D910033ACD3 /* Debug */,
				C9A2902B28B75D910033ACD3 /* Release */,
			);
			defaultConfigurationIsVisible = 0;
			defaultConfigurationName = Release;
		};
		C9A2902C28B75D910033ACD3 /* Build configuration list for PBXNativeTarget "SWAppTest" */ = {
			isa = XCConfigurationList;
			buildConfigurations = (
				C9A2902D28B75D910033ACD3 /* Debug */,
				C9A2902E28B75D910033ACD3 /* Release */,
			);
			defaultConfigurationIsVisible = 0;
			defaultConfigurationName = Release;
		};
/* End XCConfigurationList section */
	};
	rootObject = C9A2901028B75D900033ACD3 /* Project object */;
}
